
Microsoft Visual Studio Solution File, Format Version 12.00
# Visual Studio Version 17
VisualStudioVersion = 17.1.32319.34
MinimumVisualStudioVersion = 10.0.40219.1
Project("{9A19103F-16F7-4668-BE54-9A1E7A4F7556}") = "Inventory.Api", "Inventory.Api\Inventory.Api.csproj", "{495A0C94-12D7-4DF5-8B70-EC95E25E7A93}"
EndProject
Project("{2150E333-8FDC-42A3-9474-1A3956D46DE8}") = "01. Api", "01. Api", "{D39A3506-4641-4B56-A13B-BF8683087FB7}"
EndProject
Project("{2150E333-8FDC-42A3-9474-1A3956D46DE8}") = "03.Domain", "03.Domain", "{CFC4B56B-1833-48C0-91E4-5599EB96C6A2}"
EndProject
Project("{2150E333-8FDC-42A3-9474-1A3956D46DE8}") = "04.Infrastructure", "04.Infrastructure", "{3890A640-6AB2-4152-B0D3-AFB6CE1C1320}"
EndProject
Project("{9A19103F-16F7-4668-BE54-9A1E7A4F7556}") = "Inventory.Infra", "Inventory.Infra\Inventory.Infra.csproj", "{664505EB-8C63-48A4-8D4B-26710117CDCE}"
EndProject
Project("{9A19103F-16F7-4668-BE54-9A1E7A4F7556}") = "Inventory.Domain", "Inventory.Domain\Inventory.Domain.csproj", "{F4CDB8C5-6BC0-4739-960B-9F6F4FD9B375}"
EndProject
Project("{2150E333-8FDC-42A3-9474-1A3956D46DE8}") = "02.App", "02.App", "{3FDE7F0B-6654-4BD5-9885-88AF7C33B928}"
EndProject
Project("{9A19103F-16F7-4668-BE54-9A1E7A4F7556}") = "Inventory.App", "Inventory.App\Inventory.App.csproj", "{4538843A-77A5-45DA-B701-2A053CAA27DB}"
EndProject
Project("{2150E333-8FDC-42A3-9474-1A3956D46DE8}") = "06.BackgroundServices", "06.BackgroundServices", "{EFDF4C57-DE58-4577-ADD8-5E7522EF773F}"
EndProject
Project("{9A19103F-16F7-4668-BE54-9A1E7A4F7556}") = "Inventory.ItemsExpiration", "Inventory.ItemsExpiration\Inventory.ItemsExpiration.csproj", "{16AC3832-E5AF-44B6-AF36-B8ABBC360865}"
EndProject
Project("{E53339B2-1760-4266-BCC7-CA923CBCF16C}") = "docker-compose", "docker-compose.dcproj", "{EFCDA127-8EB7-4262-BC5E-5DC7A2C56615}"
EndProject
Project("{9A19103F-16F7-4668-BE54-9A1E7A4F7556}") = "Inventory.Domain.UnitTests", "Inventory.Domain.UnitTests\Inventory.Domain.UnitTests.csproj", "{A73C6B7B-25B9-4C06-B1ED-5DDB713A496B}"
EndProject
Global
	GlobalSection(SolutionConfigurationPlatforms) = preSolution
		Debug|Any CPU = Debug|Any CPU
		Release|Any CPU = Release|Any CPU
	EndGlobalSection
	GlobalSection(ProjectConfigurationPlatforms) = postSolution
		{495A0C94-12D7-4DF5-8B70-EC95E25E7A93}.Debug|Any CPU.ActiveCfg = Debug|Any CPU
		{495A0C94-12D7-4DF5-8B70-EC95E25E7A93}.Debug|Any CPU.Build.0 = Debug|Any CPU
		{495A0C94-12D7-4DF5-8B70-EC95E25E7A93}.Release|Any CPU.ActiveCfg = Release|Any CPU
		{495A0C94-12D7-4DF5-8B70-EC95E25E7A93}.Release|Any CPU.Build.0 = Release|Any CPU
		{664505EB-8C63-48A4-8D4B-26710117CDCE}.Debug|Any CPU.ActiveCfg = Debug|Any CPU
		{664505EB-8C63-48A4-8D4B-26710117CDCE}.Debug|Any CPU.Build.0 = Debug|Any CPU
		{664505EB-8C63-48A4-8D4B-26710117CDCE}.Release|Any CPU.ActiveCfg = Release|Any CPU
		{664505EB-8C63-48A4-8D4B-26710117CDCE}.Release|Any CPU.Build.0 = Release|Any CPU
		{F4CDB8C5-6BC0-4739-960B-9F6F4FD9B375}.Debug|Any CPU.ActiveCfg = Debug|Any CPU
		{F4CDB8C5-6BC0-4739-960B-9F6F4FD9B375}.Debug|Any CPU.Build.0 = Debug|Any CPU
		{F4CDB8C5-6BC0-4739-960B-9F6F4FD9B375}.Release|Any CPU.ActiveCfg = Release|Any CPU
		{F4CDB8C5-6BC0-4739-960B-9F6F4FD9B375}.Release|Any CPU.Build.0 = Release|Any CPU
		{4538843A-77A5-45DA-B701-2A053CAA27DB}.Debug|Any CPU.ActiveCfg = Debug|Any CPU
		{4538843A-77A5-45DA-B701-2A053CAA27DB}.Debug|Any CPU.Build.0 = Debug|Any CPU
		{4538843A-77A5-45DA-B701-2A053CAA27DB}.Release|Any CPU.ActiveCfg = Release|Any CPU
		{4538843A-77A5-45DA-B701-2A053CAA27DB}.Release|Any CPU.Build.0 = Release|Any CPU
		{16AC3832-E5AF-44B6-AF36-B8ABBC360865}.Debug|Any CPU.ActiveCfg = Debug|Any CPU
		{16AC3832-E5AF-44B6-AF36-B8ABBC360865}.Debug|Any CPU.Build.0 = Debug|Any CPU
		{16AC3832-E5AF-44B6-AF36-B8ABBC360865}.Release|Any CPU.ActiveCfg = Release|Any CPU
		{16AC3832-E5AF-44B6-AF36-B8ABBC360865}.Release|Any CPU.Build.0 = Release|Any CPU
		{EFCDA127-8EB7-4262-BC5E-5DC7A2C56615}.Debug|Any CPU.ActiveCfg = Debug|Any CPU
		{EFCDA127-8EB7-4262-BC5E-5DC7A2C56615}.Debug|Any CPU.Build.0 = Debug|Any CPU
		{EFCDA127-8EB7-4262-BC5E-5DC7A2C56615}.Release|Any CPU.ActiveCfg = Release|Any CPU
		{EFCDA127-8EB7-4262-BC5E-5DC7A2C56615}.Release|Any CPU.Build.0 = Release|Any CPU
		{A73C6B7B-25B9-4C06-B1ED-5DDB713A496B}.Debug|Any CPU.ActiveCfg = Debug|Any CPU
		{A73C6B7B-25B9-4C06-B1ED-5DDB713A496B}.Debug|Any CPU.Build.0 = Debug|Any CPU
		{A73C6B7B-25B9-4C06-B1ED-5DDB713A496B}.Release|Any CPU.ActiveCfg = Release|Any CPU
		{A73C6B7B-25B9-4C06-B1ED-5DDB713A496B}.Release|Any CPU.Build.0 = Release|Any CPU
	EndGlobalSection
	GlobalSection(SolutionProperties) = preSolution
		HideSolutionNode = FALSE
	EndGlobalSection
	GlobalSection(NestedProjects) = preSolution
		{495A0C94-12D7-4DF5-8B70-EC95E25E7A93} = {D39A3506-4641-4B56-A13B-BF8683087FB7}
		{664505EB-8C63-48A4-8D4B-26710117CDCE} = {3890A640-6AB2-4152-B0D3-AFB6CE1C1320}
		{F4CDB8C5-6BC0-4739-960B-9F6F4FD9B375} = {CFC4B56B-1833-48C0-91E4-5599EB96C6A2}
		{4538843A-77A5-45DA-B701-2A053CAA27DB} = {3FDE7F0B-6654-4BD5-9885-88AF7C33B928}
		{16AC3832-E5AF-44B6-AF36-B8ABBC360865} = {EFDF4C57-DE58-4577-ADD8-5E7522EF773F}
		{A73C6B7B-25B9-4C06-B1ED-5DDB713A496B} = {CFC4B56B-1833-48C0-91E4-5599EB96C6A2}
	EndGlobalSection
	GlobalSection(ExtensibilityGlobals) = postSolution
		SolutionGuid = {8F84DAEC-7739-4197-A6BA-15F876451D3D}
	EndGlobalSection
EndGlobal
